// !$*UTF8*$!
{
	archiveVersion = 1;
	classes = {
	};
	objectVersion = 46;
	objects = {

/* Begin PBXBuildFile section */
		74BF71711C31269900F7C1F8 /* MapkitTests.swift in Sources */ = {isa = PBXBuildFile; fileRef = 74BF71701C31269900F7C1F8 /* MapkitTests.swift */; };
		74BF717C1C31269900F7C1F8 /* MapkitUITests.swift in Sources */ = {isa = PBXBuildFile; fileRef = 74BF717B1C31269900F7C1F8 /* MapkitUITests.swift */; };
		74BF719D1C3224A400F7C1F8 /* 1.png in Resources */ = {isa = PBXBuildFile; fileRef = 74BF71911C3224A400F7C1F8 /* 1.png */; };
		74BF719E1C3224A400F7C1F8 /* AppDelegate.swift in Sources */ = {isa = PBXBuildFile; fileRef = 74BF71921C3224A400F7C1F8 /* AppDelegate.swift */; };
		74BF719F1C3224A400F7C1F8 /* Assets.xcassets in Resources */ = {isa = PBXBuildFile; fileRef = 74BF71931C3224A400F7C1F8 /* Assets.xcassets */; };
		74BF71A01C3224A400F7C1F8 /* LaunchScreen.storyboard in Resources */ = {isa = PBXBuildFile; fileRef = 74BF71951C3224A400F7C1F8 /* LaunchScreen.storyboard */; };
		74BF71A11C3224A400F7C1F8 /* Main.storyboard in Resources */ = {isa = PBXBuildFile; fileRef = 74BF71971C3224A400F7C1F8 /* Main.storyboard */; };
		74BF71A21C3224A400F7C1F8 /* Info.plist in Resources */ = {isa = PBXBuildFile; fileRef = 74BF71991C3224A400F7C1F8 /* Info.plist */; };
		74BF71A31C3224A400F7C1F8 /* ViewController.swift in Sources */ = {isa = PBXBuildFile; fileRef = 74BF719A1C3224A400F7C1F8 /* ViewController.swift */; };
		74BF71A41C3224A400F7C1F8 /* ViewController1.swift in Sources */ = {isa = PBXBuildFile; fileRef = 74BF719B1C3224A400F7C1F8 /* ViewController1.swift */; };
		74BF71A51C3224A400F7C1F8 /* ViewController2.swift in Sources */ = {isa = PBXBuildFile; fileRef = 74BF719C1C3224A400F7C1F8 /* ViewController2.swift */; };
		74BF71AB1C32396500F7C1F8 /* NavViewController.swift in Sources */ = {isa = PBXBuildFile; fileRef = 74BF71AA1C32396500F7C1F8 /* NavViewController.swift */; };
/* End PBXBuildFile section */

/* Begin PBXContainerItemProxy section */
		74BF716D1C31269900F7C1F8 /* PBXContainerItemProxy */ = {
			isa = PBXContainerItemProxy;
			containerPortal = 74BF71501C31269900F7C1F8 /* Project object */;
			proxyType = 1;
			remoteGlobalIDString = 74BF71571C31269900F7C1F8;
			remoteInfo = Mapkit;
		};
		74BF71781C31269900F7C1F8 /* PBXContainerItemProxy */ = {
			isa = PBXContainerItemProxy;
			containerPortal = 74BF71501C31269900F7C1F8 /* Project object */;
			proxyType = 1;
			remoteGlobalIDString = 74BF71571C31269900F7C1F8;
			remoteInfo = Mapkit;
		};
/* End PBXContainerItemProxy section */

/* Begin PBXFileReference section */
		74BF71581C31269900F7C1F8 /* MapkitDemo.app */ = {isa = PBXFileReference; explicitFileType = wrapper.application; includeInIndex = 0; path = MapkitDemo.app; sourceTree = BUILT_PRODUCTS_DIR; };
		74BF716C1C31269900F7C1F8 /* MapkitDemo.xctest */ = {isa = PBXFileReference; explicitFileType = wrapper.cfbundle; includeInIndex = 0; path = MapkitDemo.xctest; sourceTree = BUILT_PRODUCTS_DIR; };
		74BF71701C31269900F7C1F8 /* MapkitTests.swift */ = {isa = PBXFileReference; lastKnownFileType = sourcecode.swift; path = MapkitTests.swift; sourceTree = "<group>"; };
		74BF71721C31269900F7C1F8 /* Info.plist */ = {isa = PBXFileReference; lastKnownFileType = text.plist.xml; path = Info.plist; sourceTree = "<group>"; };
		74BF71771C31269900F7C1F8 /* MapkitDemo.xctest */ = {isa = PBXFileReference; explicitFileType = wrapper.cfbundle; includeInIndex = 0; path = MapkitDemo.xctest; sourceTree = BUILT_PRODUCTS_DIR; };
		74BF717B1C31269900F7C1F8 /* MapkitUITests.swift */ = {isa = PBXFileReference; lastKnownFileType = sourcecode.swift; path = MapkitUITests.swift; sourceTree = "<group>"; };
		74BF717D1C31269900F7C1F8 /* Info.plist */ = {isa = PBXFileReference; lastKnownFileType = text.plist.xml; path = Info.plist; sourceTree = "<group>"; };
		74BF718F1C313C7400F7C1F8 /* MapKit.framework */ = {isa = PBXFileReference; lastKnownFileType = wrapper.framework; name = MapKit.framework; path = System/Library/Frameworks/MapKit.framework; sourceTree = SDKROOT; };
		74BF71911C3224A400F7C1F8 /* 1.png */ = {isa = PBXFileReference; lastKnownFileType = image.png; name = 1.png; path = MapkitDemo/1.png; sourceTree = SOURCE_ROOT; };
		74BF71921C3224A400F7C1F8 /* AppDelegate.swift */ = {isa = PBXFileReference; fileEncoding = 4; lastKnownFileType = sourcecode.swift; name = AppDelegate.swift; path = MapkitDemo/AppDelegate.swift; sourceTree = SOURCE_ROOT; };
		74BF71931C3224A400F7C1F8 /* Assets.xcassets */ = {isa = PBXFileReference; lastKnownFileType = folder.assetcatalog; name = Assets.xcassets; path = MapkitDemo/Assets.xcassets; sourceTree = SOURCE_ROOT; };
		74BF71961C3224A400F7C1F8 /* Base */ = {isa = PBXFileReference; lastKnownFileType = file.storyboard; name = Base; path = LaunchScreen.storyboard; sourceTree = "<group>"; };
		74BF71981C3224A400F7C1F8 /* Base */ = {isa = PBXFileReference; lastKnownFileType = file.storyboard; name = Base; path = Main.storyboard; sourceTree = "<group>"; };
		74BF71991C3224A400F7C1F8 /* Info.plist */ = {isa = PBXFileReference; fileEncoding = 4; lastKnownFileType = text.plist.xml; name = Info.plist; path = MapkitDemo/Info.plist; sourceTree = SOURCE_ROOT; };
		74BF719A1C3224A400F7C1F8 /* ViewController.swift */ = {isa = PBXFileReference; fileEncoding = 4; lastKnownFileType = sourcecode.swift; name = ViewController.swift; path = MapkitDemo/ViewController.swift; sourceTree = SOURCE_ROOT; };
		74BF719B1C3224A400F7C1F8 /* ViewController1.swift */ = {isa = PBXFileReference; fileEncoding = 4; lastKnownFileType = sourcecode.swift; name = ViewController1.swift; path = MapkitDemo/ViewController1.swift; sourceTree = SOURCE_ROOT; };
		74BF719C1C3224A400F7C1F8 /* ViewController2.swift */ = {isa = PBXFileReference; fileEncoding = 4; lastKnownFileType = sourcecode.swift; name = ViewController2.swift; path = MapkitDemo/ViewController2.swift; sourceTree = SOURCE_ROOT; };
		74BF71AA1C32396500F7C1F8 /* NavViewController.swift */ = {isa = PBXFileReference; fileEncoding = 4; lastKnownFileType = sourcecode.swift; name = NavViewController.swift; path = MapkitDemo/NavViewController.swift; sourceTree = SOURCE_ROOT; };
/* End PBXFileReference section */

/* Begin PBXFrameworksBuildPhase section */
		74BF71551C31269900F7C1F8 /* Frameworks */ = {
			isa = PBXFrameworksBuildPhase;
			buildActionMask = 2147483647;
			files = (
			);
			runOnlyForDeploymentPostprocessing = 0;
		};
		74BF71691C31269900F7C1F8 /* Frameworks */ = {
			isa = PBXFrameworksBuildPhase;
			buildActionMask = 2147483647;
			files = (
			);
			runOnlyForDeploymentPostprocessing = 0;
		};
		74BF71741C31269900F7C1F8 /* Frameworks */ = {
			isa = PBXFrameworksBuildPhase;
			buildActionMask = 2147483647;
			files = (
			);
			runOnlyForDeploymentPostprocessing = 0;
		};
/* End PBXFrameworksBuildPhase section */

/* Begin PBXGroup section */
		74BF714F1C31269900F7C1F8 = {
			isa = PBXGroup;
			children = (
				74BF718F1C313C7400F7C1F8 /* MapKit.framework */,
				74BF715A1C31269900F7C1F8 /* MapkitDemo */,
				74BF716F1C31269900F7C1F8 /* MapkitTests */,
				74BF717A1C31269900F7C1F8 /* MapkitUITests */,
				74BF71591C31269900F7C1F8 /* Products */,
			);
			sourceTree = "<group>";
		};
		74BF71591C31269900F7C1F8 /* Products */ = {
			isa = PBXGroup;
			children = (
				74BF71581C31269900F7C1F8 /* MapkitDemo.app */,
				74BF716C1C31269900F7C1F8 /* MapkitDemo.xctest */,
				74BF71771C31269900F7C1F8 /* MapkitDemo.xctest */,
			);
			name = Products;
			sourceTree = "<group>";
		};
		74BF715A1C31269900F7C1F8 /* MapkitDemo */ = {
			isa = PBXGroup;
			children = (
				74BF71921C3224A400F7C1F8 /* AppDelegate.swift */,
				74BF719A1C3224A400F7C1F8 /* ViewController.swift */,
				74BF719B1C3224A400F7C1F8 /* ViewController1.swift */,
				74BF719C1C3224A400F7C1F8 /* ViewController2.swift */,
				74BF71AA1C32396500F7C1F8 /* NavViewController.swift */,
				74BF71931C3224A400F7C1F8 /* Assets.xcassets */,
				74BF71941C3224A400F7C1F8 /* Base.lproj */,
				74BF71991C3224A400F7C1F8 /* Info.plist */,
				74BF71911C3224A400F7C1F8 /* 1.png */,
			);
			name = MapkitDemo;
			path = Mapkit;
			sourceTree = "<group>";
		};
		74BF716F1C31269900F7C1F8 /* MapkitTests */ = {
			isa = PBXGroup;
			children = (
				74BF71701C31269900F7C1F8 /* MapkitTests.swift */,
				74BF71721C31269900F7C1F8 /* Info.plist */,
			);
			path = MapkitTests;
			sourceTree = "<group>";
		};
		74BF717A1C31269900F7C1F8 /* MapkitUITests */ = {
			isa = PBXGroup;
			children = (
				74BF717B1C31269900F7C1F8 /* MapkitUITests.swift */,
				74BF717D1C31269900F7C1F8 /* Info.plist */,
			);
			path = MapkitUITests;
			sourceTree = "<group>";
		};
		74BF71941C3224A400F7C1F8 /* Base.lproj */ = {
			isa = PBXGroup;
			children = (
				74BF71951C3224A400F7C1F8 /* LaunchScreen.storyboard */,
				74BF71971C3224A400F7C1F8 /* Main.storyboard */,
			);
			name = Base.lproj;
			path = MapkitDemo/Base.lproj;
			sourceTree = SOURCE_ROOT;
		};
/* End PBXGroup section */

/* Begin PBXNativeTarget section */
		74BF71571C31269900F7C1F8 /* MapkitDemo */ = {
			isa = PBXNativeTarget;
			buildConfigurationList = 74BF71801C31269900F7C1F8 /* Build configuration list for PBXNativeTarget "MapkitDemo" */;
			buildPhases = (
				74BF71541C31269900F7C1F8 /* Sources */,
				74BF71551C31269900F7C1F8 /* Frameworks */,
				74BF71561C31269900F7C1F8 /* Resources */,
			);
			buildRules = (
			);
			dependencies = (
			);
			name = MapkitDemo;
			productName = Mapkit;
			productReference = 74BF71581C31269900F7C1F8 /* MapkitDemo.app */;
			productType = "com.apple.product-type.application";
		};
		74BF716B1C31269900F7C1F8 /* MapkitDemoTests */ = {
			isa = PBXNativeTarget;
			buildConfigurationList = 74BF71831C31269900F7C1F8 /* Build configuration list for PBXNativeTarget "MapkitDemoTests" */;
			buildPhases = (
				74BF71681C31269900F7C1F8 /* Sources */,
				74BF71691C31269900F7C1F8 /* Frameworks */,
				74BF716A1C31269900F7C1F8 /* Resources */,
			);
			buildRules = (
			);
			dependencies = (
				74BF716E1C31269900F7C1F8 /* PBXTargetDependency */,
			);
			name = MapkitDemoTests;
			productName = MapkitTests;
			productReference = 74BF716C1C31269900F7C1F8 /* MapkitDemo.xctest */;
			productType = "com.apple.product-type.bundle.unit-test";
		};
		74BF71761C31269900F7C1F8 /* MapkitDemoUITests */ = {
			isa = PBXNativeTarget;
			buildConfigurationList = 74BF71861C31269900F7C1F8 /* Build configuration list for PBXNativeTarget "MapkitDemoUITests" */;
			buildPhases = (
				74BF71731C31269900F7C1F8 /* Sources */,
				74BF71741C31269900F7C1F8 /* Frameworks */,
				74BF71751C31269900F7C1F8 /* Resources */,
			);
			buildRules = (
			);
			dependencies = (
				74BF71791C31269900F7C1F8 /* PBXTargetDependency */,
			);
			name = MapkitDemoUITests;
			productName = MapkitUITests;
			productReference = 74BF71771C31269900F7C1F8 /* MapkitDemo.xctest */;
			productType = "com.apple.product-type.bundle.ui-testing";
		};
/* End PBXNativeTarget section */

/* Begin PBXProject section */
		74BF71501C31269900F7C1F8 /* Project object */ = {
			isa = PBXProject;
			attributes = {
				LastSwiftUpdateCheck = 0720;
				LastUpgradeCheck = 0720;
				ORGANIZATIONNAME = secret;
				TargetAttributes = {
					74BF71571C31269900F7C1F8 = {
						CreatedOnToolsVersion = 7.2;
					};
					74BF716B1C31269900F7C1F8 = {
						CreatedOnToolsVersion = 7.2;
						TestTargetID = 74BF71571C31269900F7C1F8;
					};
					74BF71761C31269900F7C1F8 = {
						CreatedOnToolsVersion = 7.2;
						TestTargetID = 74BF71571C31269900F7C1F8;
					};
				};
			};
			buildConfigurationList = 74BF71531C31269900F7C1F8 /* Build configuration list for PBXProject "MapkitDemo" */;
			compatibilityVersion = "Xcode 3.2";
			developmentRegion = English;
			hasScannedForEncodings = 0;
			knownRegions = (
				en,
				Base,
			);
			mainGroup = 74BF714F1C31269900F7C1F8;
			productRefGroup = 74BF71591C31269900F7C1F8 /* Products */;
			projectDirPath = "";
			projectRoot = "";
			targets = (
				74BF71571C31269900F7C1F8 /* MapkitDemo */,
				74BF716B1C31269900F7C1F8 /* MapkitDemoTests */,
				74BF71761C31269900F7C1F8 /* MapkitDemoUITests */,
			);
		};
/* End PBXProject section */

/* Begin PBXResourcesBuildPhase section */
		74BF71561C31269900F7C1F8 /* Resources */ = {
			isa = PBXResourcesBuildPhase;
			buildActionMask = 2147483647;
			files = (
				74BF71A01C3224A400F7C1F8 /* LaunchScreen.storyboard in Resources */,
				74BF719F1C3224A400F7C1F8 /* Assets.xcassets in Resources */,
				74BF719D1C3224A400F7C1F8 /* 1.png in Resources */,
				74BF71A21C3224A400F7C1F8 /* Info.plist in Resources */,
				74BF71A11C3224A400F7C1F8 /* Main.storyboard in Resources */,
			);
			runOnlyForDeploymentPostprocessing = 0;
		};
		74BF716A1C31269900F7C1F8 /* Resources */ = {
			isa = PBXResourcesBuildPhase;
			buildActionMask = 2147483647;
			files = (
			);
			runOnlyForDeploymentPostprocessing = 0;
		};
		74BF71751C31269900F7C1F8 /* Resources */ = {
			isa = PBXResourcesBuildPhase;
			buildActionMask = 2147483647;
			files = (
			);
			runOnlyForDeploymentPostprocessing = 0;
		};
/* End PBXResourcesBuildPhase section */

/* Begin PBXSourcesBuildPhase section */
		74BF71541C31269900F7C1F8 /* Sources */ = {
			isa = PBXSourcesBuildPhase;
			buildActionMask = 2147483647;
			files = (
				74BF71A41C3224A400F7C1F8 /* ViewController1.swift in Sources */,
				74BF71AB1C32396500F7C1F8 /* NavViewController.swift in Sources */,
				74BF71A51C3224A400F7C1F8 /* ViewController2.swift in Sources */,
				74BF71A31C3224A400F7C1F8 /* ViewController.swift in Sources */,
				74BF719E1C3224A400F7C1F8 /* AppDelegate.swift in Sources */,
			);
			runOnlyForDeploymentPostprocessing = 0;
		};
		74BF71681C31269900F7C1F8 /* Sources */ = {
			isa = PBXSourcesBuildPhase;
			buildActionMask = 2147483647;
			files = (
				74BF71711C31269900F7C1F8 /* MapkitTests.swift in Sources */,
			);
			runOnlyForDeploymentPostprocessing = 0;
		};
		74BF71731C31269900F7C1F8 /* Sources */ = {
			isa = PBXSourcesBuildPhase;
			buildActionMask = 2147483647;
			files = (
				74BF717C1C31269900F7C1F8 /* MapkitUITests.swift in Sources */,
			);
			runOnlyForDeploymentPostprocessing = 0;
		};
/* End PBXSourcesBuildPhase section */

/* Begin PBXTargetDependency section */
		74BF716E1C31269900F7C1F8 /* PBXTargetDependency */ = {
			isa = PBXTargetDependency;
			target = 74BF71571C31269900F7C1F8 /* MapkitDemo */;
			targetProxy = 74BF716D1C31269900F7C1F8 /* PBXContainerItemProxy */;
		};
		74BF71791C31269900F7C1F8 /* PBXTargetDependency */ = {
			isa = PBXTargetDependency;
			target = 74BF71571C31269900F7C1F8 /* MapkitDemo */;
			targetProxy = 74BF71781C31269900F7C1F8 /* PBXContainerItemProxy */;
		};
/* End PBXTargetDependency section */

/* Begin PBXVariantGroup section */
		74BF71951C3224A400F7C1F8 /* LaunchScreen.storyboard */ = {
			isa = PBXVariantGroup;
			children = (
				74BF71961C3224A400F7C1F8 /* Base */,
			);
			name = LaunchScreen.storyboard;
			sourceTree = "<group>";
		};
		74BF71971C3224A400F7C1F8 /* Main.storyboard */ = {
			isa = PBXVariantGroup;
			children = (
				74BF71981C3224A400F7C1F8 /* Base */,
			);
			name = Main.storyboard;
			sourceTree = "<group>";
		};
/* End PBXVariantGroup section */

/* Begin XCBuildConfiguration section */
		74BF717E1C31269900F7C1F8 /* Debug */ = {
			isa = XCBuildConfiguration;
			buildSettings = {
				ALWAYS_SEARCH_USER_PATHS = NO;
				CLANG_CXX_LANGUAGE_STANDARD = "gnu++0x";
				CLANG_CXX_LIBRARY = "libc++";
				CLANG_ENABLE_MODULES = YES;
				CLANG_ENABLE_OBJC_ARC = YES;
				CLANG_WARN_BOOL_CONVERSION = YES;
				CLANG_WARN_CONSTANT_CONVERSION = YES;
				CLANG_WARN_DIRECT_OBJC_ISA_USAGE = YES_ERROR;
				CLANG_WARN_EMPTY_BODY = YES;
				CLANG_WARN_ENUM_CONVERSION = YES;
				CLANG_WARN_INT_CONVERSION = YES;
				CLANG_WARN_OBJC_ROOT_CLASS = YES_ERROR;
				CLANG_WARN_UNREACHABLE_CODE = YES;
				CLANG_WARN__DUPLICATE_METHOD_MATCH = YES;
				"CODE_SIGN_IDENTITY[sdk=iphoneos*]" = "iPhone Developer";
				COPY_PHASE_STRIP = NO;
				DEBUG_INFORMATION_FORMAT = dwarf;
				ENABLE_STRICT_OBJC_MSGSEND = YES;
				ENABLE_TESTABILITY = YES;
				GCC_C_LANGUAGE_STANDARD = gnu99;
				GCC_DYNAMIC_NO_PIC = NO;
				GCC_NO_COMMON_BLOCKS = YES;
				GCC_OPTIMIZATION_LEVEL = 0;
				GCC_PREPROCESSOR_DEFINITIONS = (
					"DEBUG=1",
					"$(inherited)",
				);
				GCC_WARN_64_TO_32_BIT_CONVERSION = YES;
				GCC_WARN_ABOUT_RETURN_TYPE = YES_ERROR;
				GCC_WARN_UNDECLARED_SELECTOR = YES;
				GCC_WARN_UNINITIALIZED_AUTOS = YES_AGGRESSIVE;
				GCC_WARN_UNUSED_FUNCTION = YES;
				GCC_WARN_UNUSED_VARIABLE = YES;
				IPHONEOS_DEPLOYMENT_TARGET = 9.2;
				MTL_ENABLE_DEBUG_INFO = YES;
				ONLY_ACTIVE_ARCH = YES;
				SDKROOT = iphoneos;
				SWIFT_OPTIMIZATION_LEVEL = "-Onone";
				TARGETED_DEVICE_FAMILY = "1,2";
			};
			name = Debug;
		};
		74BF717F1C31269900F7C1F8 /* Release */ = {
			isa = XCBuildConfiguration;
			buildSettings = {
				ALWAYS_SEARCH_USER_PATHS = NO;
				CLANG_CXX_LANGUAGE_STANDARD = "gnu++0x";
				CLANG_CXX_LIBRARY = "libc++";
				CLANG_ENABLE_MODULES = YES;
				CLANG_ENABLE_OBJC_ARC = YES;
				CLANG_WARN_BOOL_CONVERSION = YES;
				CLANG_WARN_CONSTANT_CONVERSION = YES;
				CLANG_WARN_DIRECT_OBJC_ISA_USAGE = YES_ERROR;
				CLANG_WARN_EMPTY_BODY = YES;
				CLANG_WARN_ENUM_CONVERSION = YES;
				CLANG_WARN_INT_CONVERSION = YES;
				CLANG_WARN_OBJC_ROOT_CLASS = YES_ERROR;
				CLANG_WARN_UNREACHABLE_CODE = YES;
				CLANG_WARN__DUPLICATE_METHOD_MATCH = YES;
				"CODE_SIGN_IDENTITY[sdk=iphoneos*]" = "iPhone Developer";
				COPY_PHASE_STRIP = NO;
				DEBUG_INFORMATION_FORMAT = "dwarf-with-dsym";
				ENABLE_NS_ASSERTIONS = NO;
				ENABLE_STRICT_OBJC_MSGSEND = YES;
				GCC_C_LANGUAGE_STANDARD = gnu99;
				GCC_NO_COMMON_BLOCKS = YES;
				GCC_WARN_64_TO_32_BIT_CONVERSION = YES;
				GCC_WARN_ABOUT_RETURN_TYPE = YES_ERROR;
				GCC_WARN_UNDECLARED_SELECTOR = YES;
				GCC_WARN_UNINITIALIZED_AUTOS = YES_AGGRESSIVE;
				GCC_WARN_UNUSED_FUNCTION = YES;
				GCC_WARN_UNUSED_VARIABLE = YES;
				IPHONEOS_DEPLOYMENT_TARGET = 9.2;
				MTL_ENABLE_DEBUG_INFO = NO;
				SDKROOT = iphoneos;
				TARGETED_DEVICE_FAMILY = "1,2";
				VALIDATE_PRODUCT = YES;
			};
			name = Release;
		};
		74BF71811C31269900F7C1F8 /* Debug */ = {
			isa = XCBuildConfiguration;
			buildSettings = {
				ASSETCATALOG_COMPILER_APPICON_NAME = AppIcon;
				CLANG_ENABLE_MODULES = YES;
				FRAMEWORK_SEARCH_PATHS = "";
				INFOPLIST_FILE = /Users/secret/Desktop/Mapkit/MapkitDemo/Info.plist;
				LD_RUNPATH_SEARCH_PATHS = "$(inherited) @executable_path/Frameworks";
				PRODUCT_BUNDLE_IDENTIFIER = bbxvip.Mapkit;
				PRODUCT_NAME = MapkitDemo;
				SWIFT_OPTIMIZATION_LEVEL = "-Onone";
			};
			name = Debug;
		};
		74BF71821C31269900F7C1F8 /* Release */ = {
			isa = XCBuildConfiguration;
			buildSettings = {
				ASSETCATALOG_COMPILER_APPICON_NAME = AppIcon;
				CLANG_ENABLE_MODULES = YES;
				FRAMEWORK_SEARCH_PATHS = "";
				INFOPLIST_FILE = /Users/secret/Desktop/Mapkit/MapkitDemo/Info.plist;
				LD_RUNPATH_SEARCH_PATHS = "$(inherited) @executable_path/Frameworks";
				PRODUCT_BUNDLE_IDENTIFIER = bbxvip.Mapkit;
				PRODUCT_NAME = MapkitDemo;
			};
			name = Release;
		};
		74BF71841C31269900F7C1F8 /* Debug */ = {
			isa = XCBuildConfiguration;
			buildSettings = {
				BUNDLE_LOADER = "$(TEST_HOST)";
				INFOPLIST_FILE = MapkitTests/Info.plist;
				LD_RUNPATH_SEARCH_PATHS = "$(inherited) @executable_path/Frameworks @loader_path/Frameworks";
				PRODUCT_BUNDLE_IDENTIFIER = bbxvip.MapkitTests;
				PRODUCT_NAME = MapkitDemo;
				TEST_HOST = "$(BUILT_PRODUCTS_DIR)/MapkitDemo.app/MapkitDemo";
			};
			name = Debug;
		};
		74BF71851C31269900F7C1F8 /* Release */ = {
			isa = XCBuildConfiguration;
			buildSettings = {
				BUNDLE_LOADER = "$(TEST_HOST)";
				INFOPLIST_FILE = MapkitTests/Info.plist;
				LD_RUNPATH_SEARCH_PATHS = "$(inherited) @executable_path/Frameworks @loader_path/Frameworks";
				PRODUCT_BUNDLE_IDENTIFIER = bbxvip.MapkitTests;
				PRODUCT_NAME = MapkitDemo;
				TEST_HOST = "$(BUILT_PRODUCTS_DIR)/MapkitDemo.app/MapkitDemo";
			};
			name = Release;
		};
		74BF71871C31269900F7C1F8 /* Debug */ = {
			isa = XCBuildConfiguration;
			buildSettings = {
				INFOPLIST_FILE = MapkitUITests/Info.plist;
				LD_RUNPATH_SEARCH_PATHS = "$(inherited) @executable_path/Frameworks @loader_path/Frameworks";
				PRODUCT_BUNDLE_IDENTIFIER = bbxvip.MapkitUITests;
				PRODUCT_NAME = MapkitDemo;
				TEST_TARGET_NAME = Mapkit;
				USES_XCTRUNNER = YES;
			};
			name = Debug;
		};
		74BF71881C31269900F7C1F8 /* Release */ = {
			isa = XCBuildConfiguration;
			buildSettings = {
				INFOPLIST_FILE = MapkitUITests/Info.plist;
				LD_RUNPATH_SEARCH_PATHS = "$(inherited) @executable_path/Frameworks @loader_path/Frameworks";
				PRODUCT_BUNDLE_IDENTIFIER = bbxvip.MapkitUITests;
				PRODUCT_NAME = MapkitDemo;
				TEST_TARGET_NAME = Mapkit;
				USES_XCTRUNNER = YES;
			};
			name = Release;
		};
/* End XCBuildConfiguration section */

/* Begin XCConfigurationList section */
		74BF71531C31269900F7C1F8 /* Build configuration list for PBXProject "MapkitDemo" */ = {
			isa = XCConfigurationList;
			buildConfigurations = (
				74BF717E1C31269900F7C1F8 /* Debug */,
				74BF717F1C31269900F7C1F8 /* Release */,
			);
			defaultConfigurationIsVisible = 0;
			defaultConfigurationName = Release;
		};
		74BF71801C31269900F7C1F8 /* Build configuration list for PBXNativeTarget "MapkitDemo" */ = {
			isa = XCConfigurationList;
			buildConfigurations = (
				74BF71811C31269900F7C1F8 /* Debug */,
				74BF71821C31269900F7C1F8 /* Release */,
			);
			defaultConfigurationIsVisible = 0;
			defaultConfigurationName = Release;
		};
		74BF71831C31269900F7C1F8 /* Build configuration list for PBXNativeTarget "MapkitDemoTests" */ = {
			isa = XCConfigurationList;
			buildConfigurations = (
				74BF71841C31269900F7C1F8 /* Debug */,
				74BF71851C31269900F7C1F8 /* Release */,
			);
			defaultConfigurationIsVisible = 0;
			defaultConfigurationName = Release;
		};
		74BF71861C31269900F7C1F8 /* Build configuration list for PBXNativeTarget "MapkitDemoUITests" */ = {
			isa = XCConfigurationList;
			buildConfigurations = (
				74BF71871C31269900F7C1F8 /* Debug */,
				74BF71881C31269900F7C1F8 /* Release */,
			);
			defaultConfigurationIsVisible = 0;
			defaultConfigurationName = Release;
		};
/* End XCConfigurationList section */
	};
	rootObject = 74BF71501C31269900F7C1F8 /* Project object */;
}
